
Microsoft Visual Studio Solution File, Format Version 12.00
# Visual Studio Version 17
VisualStudioVersion = 17.0.31903.59
MinimumVisualStudioVersion = 10.0.40219.1
Project("{FAE04EC0-301F-11D3-BF4B-00C04F79EFBC}") = "App.Domain", "App.Domain\App.Domain.csproj", "{147E7486-FA01-4E79-B8D7-2B1817547E71}"
EndProject
Project("{FAE04EC0-301F-11D3-BF4B-00C04F79EFBC}") = "App.Application", "App.Application\App.Application.csproj", "{9EAE4785-35F1-48BC-A29C-70C07C6E229A}"
EndProject
Project("{FAE04EC0-301F-11D3-BF4B-00C04F79EFBC}") = "App.Infrastructure", "App.Infrastructure\App.Infrastructure.csproj", "{E46C613F-B778-4CEE-92D9-DD1D88C3B982}"
EndProject
Project("{FAE04EC0-301F-11D3-BF4B-00C04F79EFBC}") = "App.Api", "App.Api\App.Api.csproj", "{00CD94E2-97CD-4788-ACD4-4719C55CCC0A}"
EndProject
Global
	GlobalSection(SolutionConfigurationPlatforms) = preSolution
		Debug|Any CPU = Debug|Any CPU
		Release|Any CPU = Release|Any CPU
	EndGlobalSection
	GlobalSection(SolutionProperties) = preSolution
		HideSolutionNode = FALSE
	EndGlobalSection
	GlobalSection(ProjectConfigurationPlatforms) = postSolution
		{147E7486-FA01-4E79-B8D7-2B1817547E71}.Debug|Any CPU.ActiveCfg = Debug|Any CPU
		{147E7486-FA01-4E79-B8D7-2B1817547E71}.Debug|Any CPU.Build.0 = Debug|Any CPU
		{147E7486-FA01-4E79-B8D7-2B1817547E71}.Release|Any CPU.ActiveCfg = Release|Any CPU
		{147E7486-FA01-4E79-B8D7-2B1817547E71}.Release|Any CPU.Build.0 = Release|Any CPU
		{9EAE4785-35F1-48BC-A29C-70C07C6E229A}.Debug|Any CPU.ActiveCfg = Debug|Any CPU
		{9EAE4785-35F1-48BC-A29C-70C07C6E229A}.Debug|Any CPU.Build.0 = Debug|Any CPU
		{9EAE4785-35F1-48BC-A29C-70C07C6E229A}.Release|Any CPU.ActiveCfg = Release|Any CPU
		{9EAE4785-35F1-48BC-A29C-70C07C6E229A}.Release|Any CPU.Build.0 = Release|Any CPU
		{E46C613F-B778-4CEE-92D9-DD1D88C3B982}.Debug|Any CPU.ActiveCfg = Debug|Any CPU
		{E46C613F-B778-4CEE-92D9-DD1D88C3B982}.Debug|Any CPU.Build.0 = Debug|Any CPU
		{E46C613F-B778-4CEE-92D9-DD1D88C3B982}.Release|Any CPU.ActiveCfg = Release|Any CPU
		{E46C613F-B778-4CEE-92D9-DD1D88C3B982}.Release|Any CPU.Build.0 = Release|Any CPU
		{00CD94E2-97CD-4788-ACD4-4719C55CCC0A}.Debug|Any CPU.ActiveCfg = Debug|Any CPU
		{00CD94E2-97CD-4788-ACD4-4719C55CCC0A}.Debug|Any CPU.Build.0 = Debug|Any CPU
		{00CD94E2-97CD-4788-ACD4-4719C55CCC0A}.Release|Any CPU.ActiveCfg = Release|Any CPU
		{00CD94E2-97CD-4788-ACD4-4719C55CCC0A}.Release|Any CPU.Build.0 = Release|Any CPU
	EndGlobalSection
EndGlobal
